
Microsoft Visual Studio Solution File, Format Version 11.00
# Visual Studio 2010
Project("{FAE04EC0-301F-11D3-BF4B-00C04F79EFBC}") = "SoftwareProjectPro", "Assembly-CSharp.csproj", "{35346416-2586-9C09-495D-4231BFB0927A}"
EndProject
Project("{FAE04EC0-301F-11D3-BF4B-00C04F79EFBC}") = "SoftwareProjectPro", "Assembly-CSharp-firstpass.csproj", "{3CEFD61E-2871-44A4-AE43-2B9E10A23BAF}"
EndProject
Project("{847BCC72-4C54-B654-9417-48248620AFC9}") = "SoftwareProjectPro", "Assembly-UnityScript.unityproj", "{5771E020-5B34-E7B5-EF11-5124289593DA}"
EndProject
Project("{FAE04EC0-301F-11D3-BF4B-00C04F79EFBC}") = "SoftwareProjectPro", "Assembly-CSharp-Editor-firstpass.csproj", "{9AD8A89B-16C9-2D9C-DBBE-422C3B9A8C97}"
EndProject
Project("{FAE04EC0-301F-11D3-BF4B-00C04F79EFBC}") = "SoftwareProjectPro", "Assembly-CSharp-Editor.csproj", "{D7437A6B-ADC0-AEF0-F846-F9F14DFAD296}"
EndProject
Global
	GlobalSection(SolutionConfigurationPlatforms) = preSolution
		Debug|Any CPU = Debug|Any CPU
		Release|Any CPU = Release|Any CPU
	EndGlobalSection
	GlobalSection(ProjectConfigurationPlatforms) = postSolution
		{35346416-2586-9C09-495D-4231BFB0927A}.Debug|Any CPU.ActiveCfg = Debug|Any CPU
		{35346416-2586-9C09-495D-4231BFB0927A}.Debug|Any CPU.Build.0 = Debug|Any CPU
		{35346416-2586-9C09-495D-4231BFB0927A}.Release|Any CPU.ActiveCfg = Release|Any CPU
		{35346416-2586-9C09-495D-4231BFB0927A}.Release|Any CPU.Build.0 = Release|Any CPU
		{3CEFD61E-2871-44A4-AE43-2B9E10A23BAF}.Debug|Any CPU.ActiveCfg = Debug|Any CPU
		{3CEFD61E-2871-44A4-AE43-2B9E10A23BAF}.Debug|Any CPU.Build.0 = Debug|Any CPU
		{3CEFD61E-2871-44A4-AE43-2B9E10A23BAF}.Release|Any CPU.ActiveCfg = Release|Any CPU
		{3CEFD61E-2871-44A4-AE43-2B9E10A23BAF}.Release|Any CPU.Build.0 = Release|Any CPU
		{5771E020-5B34-E7B5-EF11-5124289593DA}.Debug|Any CPU.ActiveCfg = Debug|Any CPU
		{5771E020-5B34-E7B5-EF11-5124289593DA}.Debug|Any CPU.Build.0 = Debug|Any CPU
		{5771E020-5B34-E7B5-EF11-5124289593DA}.Release|Any CPU.ActiveCfg = Release|Any CPU
		{5771E020-5B34-E7B5-EF11-5124289593DA}.Release|Any CPU.Build.0 = Release|Any CPU
		{9AD8A89B-16C9-2D9C-DBBE-422C3B9A8C97}.Debug|Any CPU.ActiveCfg = Debug|Any CPU
		{9AD8A89B-16C9-2D9C-DBBE-422C3B9A8C97}.Debug|Any CPU.Build.0 = Debug|Any CPU
		{9AD8A89B-16C9-2D9C-DBBE-422C3B9A8C97}.Release|Any CPU.ActiveCfg = Release|Any CPU
		{9AD8A89B-16C9-2D9C-DBBE-422C3B9A8C97}.Release|Any CPU.Build.0 = Release|Any CPU
		{D7437A6B-ADC0-AEF0-F846-F9F14DFAD296}.Debug|Any CPU.ActiveCfg = Debug|Any CPU
		{D7437A6B-ADC0-AEF0-F846-F9F14DFAD296}.Debug|Any CPU.Build.0 = Debug|Any CPU
		{D7437A6B-ADC0-AEF0-F846-F9F14DFAD296}.Release|Any CPU.ActiveCfg = Release|Any CPU
		{D7437A6B-ADC0-AEF0-F846-F9F14DFAD296}.Release|Any CPU.Build.0 = Release|Any CPU
	EndGlobalSection
	GlobalSection(SolutionProperties) = preSolution
		HideSolutionNode = FALSE
	EndGlobalSection
	GlobalSection(MonoDevelopProperties) = preSolution
		StartupItem = Assembly-CSharp.csproj
	EndGlobalSection
EndGlobal
